
Microsoft Visual Studio Solution File, Format Version 12.00
# Visual Studio 15
VisualStudioVersion = 15.0.28010.2041
MinimumVisualStudioVersion = 10.0.40219.1
Project("{8BC9CEB8-8B4A-11D0-8D11-00A0C91BC942}") = "CudaTestProject", "CudaTestProject\CudaTestProject.vcxproj", "{A750FF9B-9552-4907-B66B-4FF7E6A8452F}"
EndProject
Global
	GlobalSection(SolutionConfigurationPlatforms) = preSolution
		Debug|x64 = Debug|x64
		Release|x64 = Release|x64
	EndGlobalSection
	GlobalSection(ProjectConfigurationPlatforms) = postSolution
		{A750FF9B-9552-4907-B66B-4FF7E6A8452F}.Debug|x64.ActiveCfg = Debug|x64
		{A750FF9B-9552-4907-B66B-4FF7E6A8452F}.Debug|x64.Build.0 = Debug|x64
		{A750FF9B-9552-4907-B66B-4FF7E6A8452F}.Release|x64.ActiveCfg = Release|x64
		{A750FF9B-9552-4907-B66B-4FF7E6A8452F}.Release|x64.Build.0 = Release|x64
	EndGlobalSection
	GlobalSection(SolutionProperties) = preSolution
		HideSolutionNode = FALSE
	EndGlobalSection
	GlobalSection(ExtensibilityGlobals) = postSolution
		SolutionGuid = {A37C89A3-7935-478C-9070-9793EE7216BA}
	EndGlobalSection
EndGlobal
